
Microsoft Visual Studio Solution File, Format Version 12.00
# Visual Studio Version 16
VisualStudioVersion = 16.0.34114.132
MinimumVisualStudioVersion = 10.0.40219.1
Project("{FAE04EC0-301F-11D3-BF4B-00C04F79EFBC}") = "TasteFood", "TasteFood\TasteFood.csproj", "{759F3B53-AADC-4A31-9101-0BA9F650FFDE}"
EndProject
Global
	GlobalSection(SolutionConfigurationPlatforms) = preSolution
		Debug|Any CPU = Debug|Any CPU
		Release|Any CPU = Release|Any CPU
	EndGlobalSection
	GlobalSection(ProjectConfigurationPlatforms) = postSolution
		{759F3B53-AADC-4A31-9101-0BA9F650FFDE}.Debug|Any CPU.ActiveCfg = Debug|Any CPU
		{759F3B53-AADC-4A31-9101-0BA9F650FFDE}.Debug|Any CPU.Build.0 = Debug|Any CPU
		{759F3B53-AADC-4A31-9101-0BA9F650FFDE}.Release|Any CPU.ActiveCfg = Release|Any CPU
		{759F3B53-AADC-4A31-9101-0BA9F650FFDE}.Release|Any CPU.Build.0 = Release|Any CPU
	EndGlobalSection
	GlobalSection(SolutionProperties) = preSolution
		HideSolutionNode = FALSE
	EndGlobalSection
	GlobalSection(ExtensibilityGlobals) = postSolution
		SolutionGuid = {7C70CFCB-454E-4CD5-B32D-DDC1C06A0F40}
	EndGlobalSection
EndGlobal
